// !$*UTF8*$!
{
	archiveVersion = 1;
	classes = {
	};
	objectVersion = 51;
	objects = {

/* Begin PBXBuildFile section */
		693E2F621CDA41ECC6B565C4 /* Pods_HappyDemoApp_HappyDemoAppUITests.framework in Frameworks */ = {isa = PBXBuildFile; fileRef = 059D0B032216B8993D7B733F /* Pods_HappyDemoApp_HappyDemoAppUITests.framework */; };
		AC3619B4CD44DE4A80BC3713 /* Pods_HappyDemoAppTests.framework in Frameworks */ = {isa = PBXBuildFile; fileRef = 12A1A19349795482D1379360 /* Pods_HappyDemoAppTests.framework */; };
		F42895CB59FA42A4A5249945 /* Pods_HappyDemoApp.framework in Frameworks */ = {isa = PBXBuildFile; fileRef = DC7D873BF3BCDEEEA74FF97F /* Pods_HappyDemoApp.framework */; };
		F88AB41A24A20C830030911C /* HappyDemoAppTests.swift in Sources */ = {isa = PBXBuildFile; fileRef = F88AB41924A20C830030911C /* HappyDemoAppTests.swift */; };
		F88AB42524A20C830030911C /* HappyDemoAppUITests.swift in Sources */ = {isa = PBXBuildFile; fileRef = F88AB42424A20C830030911C /* HappyDemoAppUITests.swift */; };
		F88AB43D24A2127C0030911C /* AppDelegate.swift in Sources */ = {isa = PBXBuildFile; fileRef = F88AB43324A2127C0030911C /* AppDelegate.swift */; };
		F88AB43F24A2127C0030911C /* SceneDelegate.swift in Sources */ = {isa = PBXBuildFile; fileRef = F88AB43524A2127C0030911C /* SceneDelegate.swift */; };
		F88AB44024A2127C0030911C /* Assets.xcassets in Resources */ = {isa = PBXBuildFile; fileRef = F88AB43724A2127C0030911C /* Assets.xcassets */; };
		F88AB44124A2127C0030911C /* LaunchScreen.storyboard in Resources */ = {isa = PBXBuildFile; fileRef = F88AB43824A2127C0030911C /* LaunchScreen.storyboard */; };
		F88AB44324A2127C0030911C /* Preview Assets.xcassets in Resources */ = {isa = PBXBuildFile; fileRef = F88AB43C24A2127C0030911C /* Preview Assets.xcassets */; };
/* End PBXBuildFile section */

/* Begin PBXContainerItemProxy section */
		F88AB41624A20C830030911C /* PBXContainerItemProxy */ = {
			isa = PBXContainerItemProxy;
			containerPortal = F88AB3F724A20C800030911C /* Project object */;
			proxyType = 1;
			remoteGlobalIDString = F88AB3FE24A20C800030911C;
			remoteInfo = HappyDemoApp;
		};
		F88AB42124A20C830030911C /* PBXContainerItemProxy */ = {
			isa = PBXContainerItemProxy;
			containerPortal = F88AB3F724A20C800030911C /* Project object */;
			proxyType = 1;
			remoteGlobalIDString = F88AB3FE24A20C800030911C;
			remoteInfo = HappyDemoApp;
		};
/* End PBXContainerItemProxy section */

/* Begin PBXFileReference section */
		0007125AEFF2161B78B957D7 /* Pods-HappyDemoApp-HappyDemoAppUITests.debug.xcconfig */ = {isa = PBXFileReference; includeInIndex = 1; lastKnownFileType = text.xcconfig; name = "Pods-HappyDemoApp-HappyDemoAppUITests.debug.xcconfig"; path = "Target Support Files/Pods-HappyDemoApp-HappyDemoAppUITests/Pods-HappyDemoApp-HappyDemoAppUITests.debug.xcconfig"; sourceTree = "<group>"; };
		059D0B032216B8993D7B733F /* Pods_HappyDemoApp_HappyDemoAppUITests.framework */ = {isa = PBXFileReference; explicitFileType = wrapper.framework; includeInIndex = 0; path = Pods_HappyDemoApp_HappyDemoAppUITests.framework; sourceTree = BUILT_PRODUCTS_DIR; };
		099AA0F2B932B769015092B5 /* Pods-HappyDemoAppTests.debug.xcconfig */ = {isa = PBXFileReference; includeInIndex = 1; lastKnownFileType = text.xcconfig; name = "Pods-HappyDemoAppTests.debug.xcconfig"; path = "Target Support Files/Pods-HappyDemoAppTests/Pods-HappyDemoAppTests.debug.xcconfig"; sourceTree = "<group>"; };
		12A1A19349795482D1379360 /* Pods_HappyDemoAppTests.framework */ = {isa = PBXFileReference; explicitFileType = wrapper.framework; includeInIndex = 0; path = Pods_HappyDemoAppTests.framework; sourceTree = BUILT_PRODUCTS_DIR; };
		34F3E9ED881DCF61252CBF2A /* Pods-HappyDemoApp.debug.xcconfig */ = {isa = PBXFileReference; includeInIndex = 1; lastKnownFileType = text.xcconfig; name = "Pods-HappyDemoApp.debug.xcconfig"; path = "Target Support Files/Pods-HappyDemoApp/Pods-HappyDemoApp.debug.xcconfig"; sourceTree = "<group>"; };
		55BA243A60807CDB5C6B30EC /* Pods-HappyDemoAppTests.release.xcconfig */ = {isa = PBXFileReference; includeInIndex = 1; lastKnownFileType = text.xcconfig; name = "Pods-HappyDemoAppTests.release.xcconfig"; path = "Target Support Files/Pods-HappyDemoAppTests/Pods-HappyDemoAppTests.release.xcconfig"; sourceTree = "<group>"; };
		96ECC8C040234EB5144A7024 /* Pods-HappyDemoApp-HappyDemoAppUITests.release.xcconfig */ = {isa = PBXFileReference; includeInIndex = 1; lastKnownFileType = text.xcconfig; name = "Pods-HappyDemoApp-HappyDemoAppUITests.release.xcconfig"; path = "Target Support Files/Pods-HappyDemoApp-HappyDemoAppUITests/Pods-HappyDemoApp-HappyDemoAppUITests.release.xcconfig"; sourceTree = "<group>"; };
		A302CA0DBA3022D42CE82994 /* Pods-HappyDemoApp.release.xcconfig */ = {isa = PBXFileReference; includeInIndex = 1; lastKnownFileType = text.xcconfig; name = "Pods-HappyDemoApp.release.xcconfig"; path = "Target Support Files/Pods-HappyDemoApp/Pods-HappyDemoApp.release.xcconfig"; sourceTree = "<group>"; };
		DC7D873BF3BCDEEEA74FF97F /* Pods_HappyDemoApp.framework */ = {isa = PBXFileReference; explicitFileType = wrapper.framework; includeInIndex = 0; path = Pods_HappyDemoApp.framework; sourceTree = BUILT_PRODUCTS_DIR; };
		F88AB3FF24A20C800030911C /* HappyDemoApp.app */ = {isa = PBXFileReference; explicitFileType = wrapper.application; includeInIndex = 0; path = HappyDemoApp.app; sourceTree = BUILT_PRODUCTS_DIR; };
		F88AB41524A20C830030911C /* HappyDemoAppTests.xctest */ = {isa = PBXFileReference; explicitFileType = wrapper.cfbundle; includeInIndex = 0; path = HappyDemoAppTests.xctest; sourceTree = BUILT_PRODUCTS_DIR; };
		F88AB41924A20C830030911C /* HappyDemoAppTests.swift */ = {isa = PBXFileReference; lastKnownFileType = sourcecode.swift; path = HappyDemoAppTests.swift; sourceTree = "<group>"; };
		F88AB41B24A20C830030911C /* Info.plist */ = {isa = PBXFileReference; lastKnownFileType = text.plist.xml; path = Info.plist; sourceTree = "<group>"; };
		F88AB42024A20C830030911C /* HappyDemoAppUITests.xctest */ = {isa = PBXFileReference; explicitFileType = wrapper.cfbundle; includeInIndex = 0; path = HappyDemoAppUITests.xctest; sourceTree = BUILT_PRODUCTS_DIR; };
		F88AB42424A20C830030911C /* HappyDemoAppUITests.swift */ = {isa = PBXFileReference; lastKnownFileType = sourcecode.swift; path = HappyDemoAppUITests.swift; sourceTree = "<group>"; };
		F88AB42624A20C830030911C /* Info.plist */ = {isa = PBXFileReference; lastKnownFileType = text.plist.xml; path = Info.plist; sourceTree = "<group>"; };
		F88AB43324A2127C0030911C /* AppDelegate.swift */ = {isa = PBXFileReference; fileEncoding = 4; lastKnownFileType = sourcecode.swift; name = AppDelegate.swift; path = ../AppDelegate.swift; sourceTree = "<group>"; };
		F88AB43524A2127C0030911C /* SceneDelegate.swift */ = {isa = PBXFileReference; fileEncoding = 4; lastKnownFileType = sourcecode.swift; name = SceneDelegate.swift; path = ../SceneDelegate.swift; sourceTree = "<group>"; };
		F88AB43724A2127C0030911C /* Assets.xcassets */ = {isa = PBXFileReference; lastKnownFileType = folder.assetcatalog; path = Assets.xcassets; sourceTree = "<group>"; };
		F88AB43924A2127C0030911C /* Base */ = {isa = PBXFileReference; lastKnownFileType = file.storyboard; name = Base; path = Base.lproj/LaunchScreen.storyboard; sourceTree = "<group>"; };
		F88AB43A24A2127C0030911C /* Info.plist */ = {isa = PBXFileReference; fileEncoding = 4; lastKnownFileType = text.plist.xml; path = Info.plist; sourceTree = "<group>"; };
		F88AB43C24A2127C0030911C /* Preview Assets.xcassets */ = {isa = PBXFileReference; lastKnownFileType = folder.assetcatalog; path = "Preview Assets.xcassets"; sourceTree = "<group>"; };
/* End PBXFileReference section */

/* Begin PBXFrameworksBuildPhase section */
		F88AB3FC24A20C800030911C /* Frameworks */ = {
			isa = PBXFrameworksBuildPhase;
			buildActionMask = 2147483647;
			files = (
				F42895CB59FA42A4A5249945 /* Pods_HappyDemoApp.framework in Frameworks */,
			);
			runOnlyForDeploymentPostprocessing = 0;
		};
		F88AB41224A20C830030911C /* Frameworks */ = {
			isa = PBXFrameworksBuildPhase;
			buildActionMask = 2147483647;
			files = (
				AC3619B4CD44DE4A80BC3713 /* Pods_HappyDemoAppTests.framework in Frameworks */,
			);
			runOnlyForDeploymentPostprocessing = 0;
		};
		F88AB41D24A20C830030911C /* Frameworks */ = {
			isa = PBXFrameworksBuildPhase;
			buildActionMask = 2147483647;
			files = (
				693E2F621CDA41ECC6B565C4 /* Pods_HappyDemoApp_HappyDemoAppUITests.framework in Frameworks */,
			);
			runOnlyForDeploymentPostprocessing = 0;
		};
/* End PBXFrameworksBuildPhase section */

/* Begin PBXGroup section */
		EDF534DDDEB45E0F93FB5297 /* Pods */ = {
			isa = PBXGroup;
			children = (
				34F3E9ED881DCF61252CBF2A /* Pods-HappyDemoApp.debug.xcconfig */,
				A302CA0DBA3022D42CE82994 /* Pods-HappyDemoApp.release.xcconfig */,
				0007125AEFF2161B78B957D7 /* Pods-HappyDemoApp-HappyDemoAppUITests.debug.xcconfig */,
				96ECC8C040234EB5144A7024 /* Pods-HappyDemoApp-HappyDemoAppUITests.release.xcconfig */,
				099AA0F2B932B769015092B5 /* Pods-HappyDemoAppTests.debug.xcconfig */,
				55BA243A60807CDB5C6B30EC /* Pods-HappyDemoAppTests.release.xcconfig */,
			);
			path = Pods;
			sourceTree = "<group>";
		};
		F88AB3F624A20C800030911C = {
			isa = PBXGroup;
			children = (
				F88AB40124A20C800030911C /* HappyDemoApp */,
				F88AB41824A20C830030911C /* HappyDemoAppTests */,
				F88AB42324A20C830030911C /* HappyDemoAppUITests */,
				F88AB40024A20C800030911C /* Products */,
				EDF534DDDEB45E0F93FB5297 /* Pods */,
				FE9A4A25969A1324FE31D5A0 /* Frameworks */,
			);
			sourceTree = "<group>";
		};
		F88AB40024A20C800030911C /* Products */ = {
			isa = PBXGroup;
			children = (
				F88AB3FF24A20C800030911C /* HappyDemoApp.app */,
				F88AB41524A20C830030911C /* HappyDemoAppTests.xctest */,
				F88AB42024A20C830030911C /* HappyDemoAppUITests.xctest */,
			);
			name = Products;
			sourceTree = "<group>";
		};
		F88AB40124A20C800030911C /* HappyDemoApp */ = {
			isa = PBXGroup;
			children = (
				F88AB43224A2127C0030911C /* AppStructure */,
				F88AB43624A2127C0030911C /* Resources */,
			);
			path = HappyDemoApp;
			sourceTree = "<group>";
		};
		F88AB41824A20C830030911C /* HappyDemoAppTests */ = {
			isa = PBXGroup;
			children = (
				F88AB41924A20C830030911C /* HappyDemoAppTests.swift */,
				F88AB41B24A20C830030911C /* Info.plist */,
			);
			path = HappyDemoAppTests;
			sourceTree = "<group>";
		};
		F88AB42324A20C830030911C /* HappyDemoAppUITests */ = {
			isa = PBXGroup;
			children = (
				F88AB42424A20C830030911C /* HappyDemoAppUITests.swift */,
				F88AB42624A20C830030911C /* Info.plist */,
			);
			path = HappyDemoAppUITests;
			sourceTree = "<group>";
		};
		F88AB43224A2127C0030911C /* AppStructure */ = {
			isa = PBXGroup;
			children = (
				F88AB44424A212C70030911C /* AppDelegation */,
			);
			path = AppStructure;
			sourceTree = "<group>";
		};
		F88AB43624A2127C0030911C /* Resources */ = {
			isa = PBXGroup;
			children = (
				F88AB43724A2127C0030911C /* Assets.xcassets */,
				F88AB43824A2127C0030911C /* LaunchScreen.storyboard */,
				F88AB43A24A2127C0030911C /* Info.plist */,
				F88AB43B24A2127C0030911C /* Preview Content */,
			);
			path = Resources;
			sourceTree = "<group>";
		};
		F88AB43B24A2127C0030911C /* Preview Content */ = {
			isa = PBXGroup;
			children = (
				F88AB43C24A2127C0030911C /* Preview Assets.xcassets */,
			);
			path = "Preview Content";
			sourceTree = "<group>";
		};
		F88AB44424A212C70030911C /* AppDelegation */ = {
			isa = PBXGroup;
			children = (
				F88AB43324A2127C0030911C /* AppDelegate.swift */,
				F88AB43524A2127C0030911C /* SceneDelegate.swift */,
			);
			path = AppDelegation;
			sourceTree = "<group>";
		};
		FE9A4A25969A1324FE31D5A0 /* Frameworks */ = {
			isa = PBXGroup;
			children = (
				DC7D873BF3BCDEEEA74FF97F /* Pods_HappyDemoApp.framework */,
				059D0B032216B8993D7B733F /* Pods_HappyDemoApp_HappyDemoAppUITests.framework */,
				12A1A19349795482D1379360 /* Pods_HappyDemoAppTests.framework */,
			);
			name = Frameworks;
			sourceTree = "<group>";
		};
/* End PBXGroup section */

/* Begin PBXNativeTarget section */
		F88AB3FE24A20C800030911C /* HappyDemoApp */ = {
			isa = PBXNativeTarget;
			buildConfigurationList = F88AB42924A20C830030911C /* Build configuration list for PBXNativeTarget "HappyDemoApp" */;
			buildPhases = (
				6FDE3DC33B60F611C143AFE6 /* [CP] Check Pods Manifest.lock */,
				F88AB3FB24A20C800030911C /* Sources */,
				F88AB3FC24A20C800030911C /* Frameworks */,
				F88AB3FD24A20C800030911C /* Resources */,
				E34F6309B5D2AE4100021552 /* [CP] Embed Pods Frameworks */,
				5DDC2B7CFDA19BB49A0DDF95 /* [CP] Copy Pods Resources */,
			);
			buildRules = (
			);
			dependencies = (
			);
			name = HappyDemoApp;
			productName = HappyDemoApp;
			productReference = F88AB3FF24A20C800030911C /* HappyDemoApp.app */;
			productType = "com.apple.product-type.application";
		};
		F88AB41424A20C830030911C /* HappyDemoAppTests */ = {
			isa = PBXNativeTarget;
			buildConfigurationList = F88AB42C24A20C830030911C /* Build configuration list for PBXNativeTarget "HappyDemoAppTests" */;
			buildPhases = (
				A8C910FC13263BB3BDC6A109 /* [CP] Check Pods Manifest.lock */,
				F88AB41124A20C830030911C /* Sources */,
				F88AB41224A20C830030911C /* Frameworks */,
				F88AB41324A20C830030911C /* Resources */,
			);
			buildRules = (
			);
			dependencies = (
				F88AB41724A20C830030911C /* PBXTargetDependency */,
			);
			name = HappyDemoAppTests;
			productName = HappyDemoAppTests;
			productReference = F88AB41524A20C830030911C /* HappyDemoAppTests.xctest */;
			productType = "com.apple.product-type.bundle.unit-test";
		};
		F88AB41F24A20C830030911C /* HappyDemoAppUITests */ = {
			isa = PBXNativeTarget;
			buildConfigurationList = F88AB42F24A20C830030911C /* Build configuration list for PBXNativeTarget "HappyDemoAppUITests" */;
			buildPhases = (
				54D17BD4CA0C6727C43BC564 /* [CP] Check Pods Manifest.lock */,
				F88AB41C24A20C830030911C /* Sources */,
				F88AB41D24A20C830030911C /* Frameworks */,
				F88AB41E24A20C830030911C /* Resources */,
				83A8F629B409B75608696535 /* [CP] Embed Pods Frameworks */,
				F3743D0DF94F8351BD036F4C /* [CP] Copy Pods Resources */,
			);
			buildRules = (
			);
			dependencies = (
				F88AB42224A20C830030911C /* PBXTargetDependency */,
			);
			name = HappyDemoAppUITests;
			productName = HappyDemoAppUITests;
			productReference = F88AB42024A20C830030911C /* HappyDemoAppUITests.xctest */;
			productType = "com.apple.product-type.bundle.ui-testing";
		};
/* End PBXNativeTarget section */

/* Begin PBXProject section */
		F88AB3F724A20C800030911C /* Project object */ = {
			isa = PBXProject;
			attributes = {
				LastSwiftUpdateCheck = 1120;
				LastUpgradeCheck = 1120;
				ORGANIZATIONNAME = "Farshad Mousalou";
				TargetAttributes = {
					F88AB3FE24A20C800030911C = {
						CreatedOnToolsVersion = 11.2.1;
					};
					F88AB41424A20C830030911C = {
						CreatedOnToolsVersion = 11.2.1;
						TestTargetID = F88AB3FE24A20C800030911C;
					};
					F88AB41F24A20C830030911C = {
						CreatedOnToolsVersion = 11.2.1;
						TestTargetID = F88AB3FE24A20C800030911C;
					};
				};
			};
			buildConfigurationList = F88AB3FA24A20C800030911C /* Build configuration list for PBXProject "HappyDemoApp" */;
			compatibilityVersion = "Xcode 9.3";
			developmentRegion = en;
			hasScannedForEncodings = 0;
			knownRegions = (
				en,
				Base,
			);
			mainGroup = F88AB3F624A20C800030911C;
			productRefGroup = F88AB40024A20C800030911C /* Products */;
			projectDirPath = "";
			projectRoot = "";
			targets = (
				F88AB3FE24A20C800030911C /* HappyDemoApp */,
				F88AB41424A20C830030911C /* HappyDemoAppTests */,
				F88AB41F24A20C830030911C /* HappyDemoAppUITests */,
			);
		};
/* End PBXProject section */

/* Begin PBXResourcesBuildPhase section */
		F88AB3FD24A20C800030911C /* Resources */ = {
			isa = PBXResourcesBuildPhase;
			buildActionMask = 2147483647;
			files = (
				F88AB44324A2127C0030911C /* Preview Assets.xcassets in Resources */,
				F88AB44024A2127C0030911C /* Assets.xcassets in Resources */,
				F88AB44124A2127C0030911C /* LaunchScreen.storyboard in Resources */,
			);
			runOnlyForDeploymentPostprocessing = 0;
		};
		F88AB41324A20C830030911C /* Resources */ = {
			isa = PBXResourcesBuildPhase;
			buildActionMask = 2147483647;
			files = (
			);
			runOnlyForDeploymentPostprocessing = 0;
		};
		F88AB41E24A20C830030911C /* Resources */ = {
			isa = PBXResourcesBuildPhase;
			buildActionMask = 2147483647;
			files = (
			);
			runOnlyForDeploymentPostprocessing = 0;
		};
/* End PBXResourcesBuildPhase section */

/* Begin PBXShellScriptBuildPhase section */
		54D17BD4CA0C6727C43BC564 /* [CP] Check Pods Manifest.lock */ = {
			isa = PBXShellScriptBuildPhase;
			buildActionMask = 2147483647;
			files = (
			);
			inputFileListPaths = (
			);
			inputPaths = (
				"${PODS_PODFILE_DIR_PATH}/Podfile.lock",
				"${PODS_ROOT}/Manifest.lock",
			);
			name = "[CP] Check Pods Manifest.lock";
			outputFileListPaths = (
			);
			outputPaths = (
				"$(DERIVED_FILE_DIR)/Pods-HappyDemoApp-HappyDemoAppUITests-checkManifestLockResult.txt",
			);
			runOnlyForDeploymentPostprocessing = 0;
			shellPath = /bin/sh;
			shellScript = "diff \"${PODS_PODFILE_DIR_PATH}/Podfile.lock\" \"${PODS_ROOT}/Manifest.lock\" > /dev/null\nif [ $? != 0 ] ; then\n    # print error to STDERR\n    echo \"error: The sandbox is not in sync with the Podfile.lock. Run 'pod install' or update your CocoaPods installation.\" >&2\n    exit 1\nfi\n# This output is used by Xcode 'outputs' to avoid re-running this script phase.\necho \"SUCCESS\" > \"${SCRIPT_OUTPUT_FILE_0}\"\n";
			showEnvVarsInLog = 0;
		};
		5DDC2B7CFDA19BB49A0DDF95 /* [CP] Copy Pods Resources */ = {
			isa = PBXShellScriptBuildPhase;
			buildActionMask = 2147483647;
			files = (
			);
			inputFileListPaths = (
				"${PODS_ROOT}/Target Support Files/Pods-HappyDemoApp/Pods-HappyDemoApp-resources-${CONFIGURATION}-input-files.xcfilelist",
			);
			name = "[CP] Copy Pods Resources";
			outputFileListPaths = (
				"${PODS_ROOT}/Target Support Files/Pods-HappyDemoApp/Pods-HappyDemoApp-resources-${CONFIGURATION}-output-files.xcfilelist",
			);
			runOnlyForDeploymentPostprocessing = 0;
			shellPath = /bin/sh;
			shellScript = "\"${PODS_ROOT}/Target Support Files/Pods-HappyDemoApp/Pods-HappyDemoApp-resources.sh\"\n";
			showEnvVarsInLog = 0;
		};
		6FDE3DC33B60F611C143AFE6 /* [CP] Check Pods Manifest.lock */ = {
			isa = PBXShellScriptBuildPhase;
			buildActionMask = 2147483647;
			files = (
			);
			inputFileListPaths = (
			);
			inputPaths = (
				"${PODS_PODFILE_DIR_PATH}/Podfile.lock",
				"${PODS_ROOT}/Manifest.lock",
			);
			name = "[CP] Check Pods Manifest.lock";
			outputFileListPaths = (
			);
			outputPaths = (
				"$(DERIVED_FILE_DIR)/Pods-HappyDemoApp-checkManifestLockResult.txt",
			);
			runOnlyForDeploymentPostprocessing = 0;
			shellPath = /bin/sh;
			shellScript = "diff \"${PODS_PODFILE_DIR_PATH}/Podfile.lock\" \"${PODS_ROOT}/Manifest.lock\" > /dev/null\nif [ $? != 0 ] ; then\n    # print error to STDERR\n    echo \"error: The sandbox is not in sync with the Podfile.lock. Run 'pod install' or update your CocoaPods installation.\" >&2\n    exit 1\nfi\n# This output is used by Xcode 'outputs' to avoid re-running this script phase.\necho \"SUCCESS\" > \"${SCRIPT_OUTPUT_FILE_0}\"\n";
			showEnvVarsInLog = 0;
		};
		83A8F629B409B75608696535 /* [CP] Embed Pods Frameworks */ = {
			isa = PBXShellScriptBuildPhase;
			buildActionMask = 2147483647;
			files = (
			);
			inputFileListPaths = (
				"${PODS_ROOT}/Target Support Files/Pods-HappyDemoApp-HappyDemoAppUITests/Pods-HappyDemoApp-HappyDemoAppUITests-frameworks-${CONFIGURATION}-input-files.xcfilelist",
			);
			name = "[CP] Embed Pods Frameworks";
			outputFileListPaths = (
				"${PODS_ROOT}/Target Support Files/Pods-HappyDemoApp-HappyDemoAppUITests/Pods-HappyDemoApp-HappyDemoAppUITests-frameworks-${CONFIGURATION}-output-files.xcfilelist",
			);
			runOnlyForDeploymentPostprocessing = 0;
			shellPath = /bin/sh;
			shellScript = "\"${PODS_ROOT}/Target Support Files/Pods-HappyDemoApp-HappyDemoAppUITests/Pods-HappyDemoApp-HappyDemoAppUITests-frameworks.sh\"\n";
			showEnvVarsInLog = 0;
		};
		A8C910FC13263BB3BDC6A109 /* [CP] Check Pods Manifest.lock */ = {
			isa = PBXShellScriptBuildPhase;
			buildActionMask = 2147483647;
			files = (
			);
			inputFileListPaths = (
			);
			inputPaths = (
				"${PODS_PODFILE_DIR_PATH}/Podfile.lock",
				"${PODS_ROOT}/Manifest.lock",
			);
			name = "[CP] Check Pods Manifest.lock";
			outputFileListPaths = (
			);
			outputPaths = (
				"$(DERIVED_FILE_DIR)/Pods-HappyDemoAppTests-checkManifestLockResult.txt",
			);
			runOnlyForDeploymentPostprocessing = 0;
			shellPath = /bin/sh;
			shellScript = "diff \"${PODS_PODFILE_DIR_PATH}/Podfile.lock\" \"${PODS_ROOT}/Manifest.lock\" > /dev/null\nif [ $? != 0 ] ; then\n    # print error to STDERR\n    echo \"error: The sandbox is not in sync with the Podfile.lock. Run 'pod install' or update your CocoaPods installation.\" >&2\n    exit 1\nfi\n# This output is used by Xcode 'outputs' to avoid re-running this script phase.\necho \"SUCCESS\" > \"${SCRIPT_OUTPUT_FILE_0}\"\n";
			showEnvVarsInLog = 0;
		};
		E34F6309B5D2AE4100021552 /* [CP] Embed Pods Frameworks */ = {
			isa = PBXShellScriptBuildPhase;
			buildActionMask = 2147483647;
			files = (
			);
			inputFileListPaths = (
				"${PODS_ROOT}/Target Support Files/Pods-HappyDemoApp/Pods-HappyDemoApp-frameworks-${CONFIGURATION}-input-files.xcfilelist",
			);
			name = "[CP] Embed Pods Frameworks";
			outputFileListPaths = (
				"${PODS_ROOT}/Target Support Files/Pods-HappyDemoApp/Pods-HappyDemoApp-frameworks-${CONFIGURATION}-output-files.xcfilelist",
			);
			runOnlyForDeploymentPostprocessing = 0;
			shellPath = /bin/sh;
			shellScript = "\"${PODS_ROOT}/Target Support Files/Pods-HappyDemoApp/Pods-HappyDemoApp-frameworks.sh\"\n";
			showEnvVarsInLog = 0;
		};
		F3743D0DF94F8351BD036F4C /* [CP] Copy Pods Resources */ = {
			isa = PBXShellScriptBuildPhase;
			buildActionMask = 2147483647;
			files = (
			);
			inputFileListPaths = (
				"${PODS_ROOT}/Target Support Files/Pods-HappyDemoApp-HappyDemoAppUITests/Pods-HappyDemoApp-HappyDemoAppUITests-resources-${CONFIGURATION}-input-files.xcfilelist",
			);
			name = "[CP] Copy Pods Resources";
			outputFileListPaths = (
				"${PODS_ROOT}/Target Support Files/Pods-HappyDemoApp-HappyDemoAppUITests/Pods-HappyDemoApp-HappyDemoAppUITests-resources-${CONFIGURATION}-output-files.xcfilelist",
			);
			runOnlyForDeploymentPostprocessing = 0;
			shellPath = /bin/sh;
			shellScript = "\"${PODS_ROOT}/Target Support Files/Pods-HappyDemoApp-HappyDemoAppUITests/Pods-HappyDemoApp-HappyDemoAppUITests-resources.sh\"\n";
			showEnvVarsInLog = 0;
		};
/* End PBXShellScriptBuildPhase section */

/* Begin PBXSourcesBuildPhase section */
		F88AB3FB24A20C800030911C /* Sources */ = {
			isa = PBXSourcesBuildPhase;
			buildActionMask = 2147483647;
			files = (
				F88AB43D24A2127C0030911C /* AppDelegate.swift in Sources */,
				F88AB43F24A2127C0030911C /* SceneDelegate.swift in Sources */,
			);
			runOnlyForDeploymentPostprocessing = 0;
		};
		F88AB41124A20C830030911C /* Sources */ = {
			isa = PBXSourcesBuildPhase;
			buildActionMask = 2147483647;
			files = (
				F88AB41A24A20C830030911C /* HappyDemoAppTests.swift in Sources */,
			);
			runOnlyForDeploymentPostprocessing = 0;
		};
		F88AB41C24A20C830030911C /* Sources */ = {
			isa = PBXSourcesBuildPhase;
			buildActionMask = 2147483647;
			files = (
				F88AB42524A20C830030911C /* HappyDemoAppUITests.swift in Sources */,
			);
			runOnlyForDeploymentPostprocessing = 0;
		};
/* End PBXSourcesBuildPhase section */

/* Begin PBXTargetDependency section */
		F88AB41724A20C830030911C /* PBXTargetDependency */ = {
			isa = PBXTargetDependency;
			target = F88AB3FE24A20C800030911C /* HappyDemoApp */;
			targetProxy = F88AB41624A20C830030911C /* PBXContainerItemProxy */;
		};
		F88AB42224A20C830030911C /* PBXTargetDependency */ = {
			isa = PBXTargetDependency;
			target = F88AB3FE24A20C800030911C /* HappyDemoApp */;
			targetProxy = F88AB42124A20C830030911C /* PBXContainerItemProxy */;
		};
/* End PBXTargetDependency section */

/* Begin PBXVariantGroup section */
		F88AB43824A2127C0030911C /* LaunchScreen.storyboard */ = {
			isa = PBXVariantGroup;
			children = (
				F88AB43924A2127C0030911C /* Base */,
			);
			name = LaunchScreen.storyboard;
			sourceTree = "<group>";
		};
/* End PBXVariantGroup section */

/* Begin XCBuildConfiguration section */
		F88AB42724A20C830030911C /* Debug */ = {
			isa = XCBuildConfiguration;
			buildSettings = {
				ALWAYS_SEARCH_USER_PATHS = NO;
				CLANG_ANALYZER_NONNULL = YES;
				CLANG_ANALYZER_NUMBER_OBJECT_CONVERSION = YES_AGGRESSIVE;
				CLANG_CXX_LANGUAGE_STANDARD = "gnu++14";
				CLANG_CXX_LIBRARY = "libc++";
				CLANG_ENABLE_MODULES = YES;
				CLANG_ENABLE_OBJC_ARC = YES;
				CLANG_ENABLE_OBJC_WEAK = YES;
				CLANG_WARN_BLOCK_CAPTURE_AUTORELEASING = YES;
				CLANG_WARN_BOOL_CONVERSION = YES;
				CLANG_WARN_COMMA = YES;
				CLANG_WARN_CONSTANT_CONVERSION = YES;
				CLANG_WARN_DEPRECATED_OBJC_IMPLEMENTATIONS = YES;
				CLANG_WARN_DIRECT_OBJC_ISA_USAGE = YES_ERROR;
				CLANG_WARN_DOCUMENTATION_COMMENTS = YES;
				CLANG_WARN_EMPTY_BODY = YES;
				CLANG_WARN_ENUM_CONVERSION = YES;
				CLANG_WARN_INFINITE_RECURSION = YES;
				CLANG_WARN_INT_CONVERSION = YES;
				CLANG_WARN_NON_LITERAL_NULL_CONVERSION = YES;
				CLANG_WARN_OBJC_IMPLICIT_RETAIN_SELF = YES;
				CLANG_WARN_OBJC_LITERAL_CONVERSION = YES;
				CLANG_WARN_OBJC_ROOT_CLASS = YES_ERROR;
				CLANG_WARN_RANGE_LOOP_ANALYSIS = YES;
				CLANG_WARN_STRICT_PROTOTYPES = YES;
				CLANG_WARN_SUSPICIOUS_MOVE = YES;
				CLANG_WARN_UNGUARDED_AVAILABILITY = YES_AGGRESSIVE;
				CLANG_WARN_UNREACHABLE_CODE = YES;
				CLANG_WARN__DUPLICATE_METHOD_MATCH = YES;
				COPY_PHASE_STRIP = NO;
				DEBUG_INFORMATION_FORMAT = dwarf;
				ENABLE_STRICT_OBJC_MSGSEND = YES;
				ENABLE_TESTABILITY = YES;
				GCC_C_LANGUAGE_STANDARD = gnu11;
				GCC_DYNAMIC_NO_PIC = NO;
				GCC_NO_COMMON_BLOCKS = YES;
				GCC_OPTIMIZATION_LEVEL = 0;
				GCC_PREPROCESSOR_DEFINITIONS = (
					"DEBUG=1",
					"$(inherited)",
				);
				GCC_WARN_64_TO_32_BIT_CONVERSION = YES;
				GCC_WARN_ABOUT_RETURN_TYPE = YES_ERROR;
				GCC_WARN_UNDECLARED_SELECTOR = YES;
				GCC_WARN_UNINITIALIZED_AUTOS = YES_AGGRESSIVE;
				GCC_WARN_UNUSED_FUNCTION = YES;
				GCC_WARN_UNUSED_VARIABLE = YES;
				IPHONEOS_DEPLOYMENT_TARGET = 13.2;
				MTL_ENABLE_DEBUG_INFO = INCLUDE_SOURCE;
				MTL_FAST_MATH = YES;
				ONLY_ACTIVE_ARCH = YES;
				SDKROOT = iphoneos;
				SWIFT_ACTIVE_COMPILATION_CONDITIONS = DEBUG;
				SWIFT_OPTIMIZATION_LEVEL = "-Onone";
			};
			name = Debug;
		};
		F88AB42824A20C830030911C /* Release */ = {
			isa = XCBuildConfiguration;
			buildSettings = {
				ALWAYS_SEARCH_USER_PATHS = NO;
				CLANG_ANALYZER_NONNULL = YES;
				CLANG_ANALYZER_NUMBER_OBJECT_CONVERSION = YES_AGGRESSIVE;
				CLANG_CXX_LANGUAGE_STANDARD = "gnu++14";
				CLANG_CXX_LIBRARY = "libc++";
				CLANG_ENABLE_MODULES = YES;
				CLANG_ENABLE_OBJC_ARC = YES;
				CLANG_ENABLE_OBJC_WEAK = YES;
				CLANG_WARN_BLOCK_CAPTURE_AUTORELEASING = YES;
				CLANG_WARN_BOOL_CONVERSION = YES;
				CLANG_WARN_COMMA = YES;
				CLANG_WARN_CONSTANT_CONVERSION = YES;
				CLANG_WARN_DEPRECATED_OBJC_IMPLEMENTATIONS = YES;
				CLANG_WARN_DIRECT_OBJC_ISA_USAGE = YES_ERROR;
				CLANG_WARN_DOCUMENTATION_COMMENTS = YES;
				CLANG_WARN_EMPTY_BODY = YES;
				CLANG_WARN_ENUM_CONVERSION = YES;
				CLANG_WARN_INFINITE_RECURSION = YES;
				CLANG_WARN_INT_CONVERSION = YES;
				CLANG_WARN_NON_LITERAL_NULL_CONVERSION = YES;
				CLANG_WARN_OBJC_IMPLICIT_RETAIN_SELF = YES;
				CLANG_WARN_OBJC_LITERAL_CONVERSION = YES;
				CLANG_WARN_OBJC_ROOT_CLASS = YES_ERROR;
				CLANG_WARN_RANGE_LOOP_ANALYSIS = YES;
				CLANG_WARN_STRICT_PROTOTYPES = YES;
				CLANG_WARN_SUSPICIOUS_MOVE = YES;
				CLANG_WARN_UNGUARDED_AVAILABILITY = YES_AGGRESSIVE;
				CLANG_WARN_UNREACHABLE_CODE = YES;
				CLANG_WARN__DUPLICATE_METHOD_MATCH = YES;
				COPY_PHASE_STRIP = NO;
				DEBUG_INFORMATION_FORMAT = "dwarf-with-dsym";
				ENABLE_NS_ASSERTIONS = NO;
				ENABLE_STRICT_OBJC_MSGSEND = YES;
				GCC_C_LANGUAGE_STANDARD = gnu11;
				GCC_NO_COMMON_BLOCKS = YES;
				GCC_WARN_64_TO_32_BIT_CONVERSION = YES;
				GCC_WARN_ABOUT_RETURN_TYPE = YES_ERROR;
				GCC_WARN_UNDECLARED_SELECTOR = YES;
				GCC_WARN_UNINITIALIZED_AUTOS = YES_AGGRESSIVE;
				GCC_WARN_UNUSED_FUNCTION = YES;
				GCC_WARN_UNUSED_VARIABLE = YES;
				IPHONEOS_DEPLOYMENT_TARGET = 13.2;
				MTL_ENABLE_DEBUG_INFO = NO;
				MTL_FAST_MATH = YES;
				SDKROOT = iphoneos;
				SWIFT_COMPILATION_MODE = wholemodule;
				SWIFT_OPTIMIZATION_LEVEL = "-O";
				VALIDATE_PRODUCT = YES;
			};
			name = Release;
		};
		F88AB42A24A20C830030911C /* Debug */ = {
			isa = XCBuildConfiguration;
			baseConfigurationReference = 34F3E9ED881DCF61252CBF2A /* Pods-HappyDemoApp.debug.xcconfig */;
			buildSettings = {
				ASSETCATALOG_COMPILER_APPICON_NAME = AppIcon;
				CODE_SIGN_STYLE = Automatic;
				DEVELOPMENT_ASSET_PATHS = "HappyDemoApp/Resources/Preview\\ Content/Preview\\ Assets.xcassets";
				DEVELOPMENT_TEAM = 638B4QA28J;
				ENABLE_PREVIEWS = YES;
				INFOPLIST_FILE = "${PROJECT_NAME}/Resources/Info.plist";
				IPHONEOS_DEPLOYMENT_TARGET = 13.0;
				LD_RUNPATH_SEARCH_PATHS = (
					"$(inherited)",
					"@executable_path/Frameworks",
				);
				PRODUCT_BUNDLE_IDENTIFIER = com.ifarshad.HappyDemoApp;
				PRODUCT_NAME = "$(TARGET_NAME)";
				SWIFT_VERSION = 5.0;
				TARGETED_DEVICE_FAMILY = 1;
			};
			name = Debug;
		};
		F88AB42B24A20C830030911C /* Release */ = {
			isa = XCBuildConfiguration;
			baseConfigurationReference = A302CA0DBA3022D42CE82994 /* Pods-HappyDemoApp.release.xcconfig */;
			buildSettings = {
				ASSETCATALOG_COMPILER_APPICON_NAME = AppIcon;
				CODE_SIGN_STYLE = Automatic;
				DEVELOPMENT_ASSET_PATHS = "HappyDemoApp/Resources/Preview\\ Content/Preview\\ Assets.xcassets";
				DEVELOPMENT_TEAM = 638B4QA28J;
				ENABLE_PREVIEWS = YES;
				INFOPLIST_FILE = "${PROJECT_NAME}/Resources/Info.plist";
				IPHONEOS_DEPLOYMENT_TARGET = 13.0;
				LD_RUNPATH_SEARCH_PATHS = (
					"$(inherited)",
					"@executable_path/Frameworks",
				);
				PRODUCT_BUNDLE_IDENTIFIER = com.ifarshad.HappyDemoApp;
				PRODUCT_NAME = "$(TARGET_NAME)";
				SWIFT_VERSION = 5.0;
				TARGETED_DEVICE_FAMILY = 1;
			};
			name = Release;
		};
		F88AB42D24A20C830030911C /* Debug */ = {
			isa = XCBuildConfiguration;
			baseConfigurationReference = 099AA0F2B932B769015092B5 /* Pods-HappyDemoAppTests.debug.xcconfig */;
			buildSettings = {
				ALWAYS_EMBED_SWIFT_STANDARD_LIBRARIES = YES;
				BUNDLE_LOADER = "$(TEST_HOST)";
				CODE_SIGN_STYLE = Automatic;
				DEVELOPMENT_TEAM = 638B4QA28J;
				INFOPLIST_FILE = HappyDemoAppTests/Info.plist;
				IPHONEOS_DEPLOYMENT_TARGET = 13.2;
				LD_RUNPATH_SEARCH_PATHS = (
					"$(inherited)",
					"@executable_path/Frameworks",
					"@loader_path/Frameworks",
				);
				PRODUCT_BUNDLE_IDENTIFIER = com.ifarshad.HappyDemoAppTests;
				PRODUCT_NAME = "$(TARGET_NAME)";
				SWIFT_VERSION = 5.0;
				TARGETED_DEVICE_FAMILY = "1,2";
				TEST_HOST = "$(BUILT_PRODUCTS_DIR)/HappyDemoApp.app/HappyDemoApp";
			};
			name = Debug;
		};
		F88AB42E24A20C830030911C /* Release */ = {
			isa = XCBuildConfiguration;
			baseConfigurationReference = 55BA243A60807CDB5C6B30EC /* Pods-HappyDemoAppTests.release.xcconfig */;
			buildSettings = {
				ALWAYS_EMBED_SWIFT_STANDARD_LIBRARIES = YES;
				BUNDLE_LOADER = "$(TEST_HOST)";
				CODE_SIGN_STYLE = Automatic;
				DEVELOPMENT_TEAM = 638B4QA28J;
				INFOPLIST_FILE = HappyDemoAppTests/Info.plist;
				IPHONEOS_DEPLOYMENT_TARGET = 13.2;
				LD_RUNPATH_SEARCH_PATHS = (
					"$(inherited)",
					"@executable_path/Frameworks",
					"@loader_path/Frameworks",
				);
				PRODUCT_BUNDLE_IDENTIFIER = com.ifarshad.HappyDemoAppTests;
				PRODUCT_NAME = "$(TARGET_NAME)";
				SWIFT_VERSION = 5.0;
				TARGETED_DEVICE_FAMILY = "1,2";
				TEST_HOST = "$(BUILT_PRODUCTS_DIR)/HappyDemoApp.app/HappyDemoApp";
			};
			name = Release;
		};
		F88AB43024A20C830030911C /* Debug */ = {
			isa = XCBuildConfiguration;
			baseConfigurationReference = 0007125AEFF2161B78B957D7 /* Pods-HappyDemoApp-HappyDemoAppUITests.debug.xcconfig */;
			buildSettings = {
				ALWAYS_EMBED_SWIFT_STANDARD_LIBRARIES = YES;
				CODE_SIGN_STYLE = Automatic;
				DEVELOPMENT_TEAM = 638B4QA28J;
				INFOPLIST_FILE = HappyDemoAppUITests/Info.plist;
				LD_RUNPATH_SEARCH_PATHS = (
					"$(inherited)",
					"@executable_path/Frameworks",
					"@loader_path/Frameworks",
				);
				PRODUCT_BUNDLE_IDENTIFIER = com.ifarshad.HappyDemoAppUITests;
				PRODUCT_NAME = "$(TARGET_NAME)";
				SWIFT_VERSION = 5.0;
				TARGETED_DEVICE_FAMILY = "1,2";
				TEST_TARGET_NAME = HappyDemoApp;
			};
			name = Debug;
		};
		F88AB43124A20C830030911C /* Release */ = {
			isa = XCBuildConfiguration;
			baseConfigurationReference = 96ECC8C040234EB5144A7024 /* Pods-HappyDemoApp-HappyDemoAppUITests.release.xcconfig */;
			buildSettings = {
				ALWAYS_EMBED_SWIFT_STANDARD_LIBRARIES = YES;
				CODE_SIGN_STYLE = Automatic;
				DEVELOPMENT_TEAM = 638B4QA28J;
				INFOPLIST_FILE = HappyDemoAppUITests/Info.plist;
				LD_RUNPATH_SEARCH_PATHS = (
					"$(inherited)",
					"@executable_path/Frameworks",
					"@loader_path/Frameworks",
				);
				PRODUCT_BUNDLE_IDENTIFIER = com.ifarshad.HappyDemoAppUITests;
				PRODUCT_NAME = "$(TARGET_NAME)";
				SWIFT_VERSION = 5.0;
				TARGETED_DEVICE_FAMILY = "1,2";
				TEST_TARGET_NAME = HappyDemoApp;
			};
			name = Release;
		};
/* End XCBuildConfiguration section */

/* Begin XCConfigurationList section */
		F88AB3FA24A20C800030911C /* Build configuration list for PBXProject "HappyDemoApp" */ = {
			isa = XCConfigurationList;
			buildConfigurations = (
				F88AB42724A20C830030911C /* Debug */,
				F88AB42824A20C830030911C /* Release */,
			);
			defaultConfigurationIsVisible = 0;
			defaultConfigurationName = Release;
		};
		F88AB42924A20C830030911C /* Build configuration list for PBXNativeTarget "HappyDemoApp" */ = {
			isa = XCConfigurationList;
			buildConfigurations = (
				F88AB42A24A20C830030911C /* Debug */,
				F88AB42B24A20C830030911C /* Release */,
			);
			defaultConfigurationIsVisible = 0;
			defaultConfigurationName = Release;
		};
		F88AB42C24A20C830030911C /* Build configuration list for PBXNativeTarget "HappyDemoAppTests" */ = {
			isa = XCConfigurationList;
			buildConfigurations = (
				F88AB42D24A20C830030911C /* Debug */,
				F88AB42E24A20C830030911C /* Release */,
			);
			defaultConfigurationIsVisible = 0;
			defaultConfigurationName = Release;
		};
		F88AB42F24A20C830030911C /* Build configuration list for PBXNativeTarget "HappyDemoAppUITests" */ = {
			isa = XCConfigurationList;
			buildConfigurations = (
				F88AB43024A20C830030911C /* Debug */,
				F88AB43124A20C830030911C /* Release */,
			);
			defaultConfigurationIsVisible = 0;
			defaultConfigurationName = Release;
		};
/* End XCConfigurationList section */
	};
	rootObject = F88AB3F724A20C800030911C /* Project object */;
}
